// !$*UTF8*$!
{
	archiveVersion = 1;
	classes = {
	};
	objectVersion = 46;
	objects = {

/* Begin PBXBuildFile section */
		832747D71D805DA953D65046 /* Pods_CoreDataHelpers.framework in Frameworks */ = {isa = PBXBuildFile; fileRef = C7E38624B7ACEF5F6F7C7A1B /* Pods_CoreDataHelpers.framework */; };
		C13066D41E9BB9AA008770C2 /* AppDelegate.swift in Sources */ = {isa = PBXBuildFile; fileRef = C13066D31E9BB9AA008770C2 /* AppDelegate.swift */; };
		C13066D61E9BB9AA008770C2 /* ViewController.swift in Sources */ = {isa = PBXBuildFile; fileRef = C13066D51E9BB9AA008770C2 /* ViewController.swift */; };
		C13066D91E9BB9AA008770C2 /* Main.storyboard in Resources */ = {isa = PBXBuildFile; fileRef = C13066D71E9BB9AA008770C2 /* Main.storyboard */; };
		C13066DB1E9BB9AA008770C2 /* Assets.xcassets in Resources */ = {isa = PBXBuildFile; fileRef = C13066DA1E9BB9AA008770C2 /* Assets.xcassets */; };
		C13066DE1E9BB9AA008770C2 /* LaunchScreen.storyboard in Resources */ = {isa = PBXBuildFile; fileRef = C13066DC1E9BB9AA008770C2 /* LaunchScreen.storyboard */; };
		C13066EF1E9BBD3A008770C2 /* Fetchable.swift in Sources */ = {isa = PBXBuildFile; fileRef = C13066EC1E9BBD3A008770C2 /* Fetchable.swift */; };
		C13066F01E9BBD3A008770C2 /* NSManagedObject+Additions.swift in Sources */ = {isa = PBXBuildFile; fileRef = C13066ED1E9BBD3A008770C2 /* NSManagedObject+Additions.swift */; };
		C13066F11E9BBD3A008770C2 /* NSManagedObjectContext+Additions.swift in Sources */ = {isa = PBXBuildFile; fileRef = C13066EE1E9BBD3A008770C2 /* NSManagedObjectContext+Additions.swift */; };
		C18966701F6561FF0001FB5B /* CoreDataMappable.swift in Sources */ = {isa = PBXBuildFile; fileRef = C189666F1F6561FF0001FB5B /* CoreDataMappable.swift */; };
/* End PBXBuildFile section */

/* Begin PBXFileReference section */
		BAFCD6A2F70C6EC0174AE236 /* Pods-CoreDataHelpers.debug.xcconfig */ = {isa = PBXFileReference; includeInIndex = 1; lastKnownFileType = text.xcconfig; name = "Pods-CoreDataHelpers.debug.xcconfig"; path = "Pods/Target Support Files/Pods-CoreDataHelpers/Pods-CoreDataHelpers.debug.xcconfig"; sourceTree = "<group>"; };
		C13066D01E9BB9AA008770C2 /* CoreDataHelpers.app */ = {isa = PBXFileReference; explicitFileType = wrapper.application; includeInIndex = 0; path = CoreDataHelpers.app; sourceTree = BUILT_PRODUCTS_DIR; };
		C13066D31E9BB9AA008770C2 /* AppDelegate.swift */ = {isa = PBXFileReference; lastKnownFileType = sourcecode.swift; path = AppDelegate.swift; sourceTree = "<group>"; };
		C13066D51E9BB9AA008770C2 /* ViewController.swift */ = {isa = PBXFileReference; lastKnownFileType = sourcecode.swift; path = ViewController.swift; sourceTree = "<group>"; };
		C13066D81E9BB9AA008770C2 /* Base */ = {isa = PBXFileReference; lastKnownFileType = file.storyboard; name = Base; path = Base.lproj/Main.storyboard; sourceTree = "<group>"; };
		C13066DA1E9BB9AA008770C2 /* Assets.xcassets */ = {isa = PBXFileReference; lastKnownFileType = folder.assetcatalog; path = Assets.xcassets; sourceTree = "<group>"; };
		C13066DD1E9BB9AA008770C2 /* Base */ = {isa = PBXFileReference; lastKnownFileType = file.storyboard; name = Base; path = Base.lproj/LaunchScreen.storyboard; sourceTree = "<group>"; };
		C13066DF1E9BB9AA008770C2 /* Info.plist */ = {isa = PBXFileReference; lastKnownFileType = text.plist.xml; path = Info.plist; sourceTree = "<group>"; };
		C13066EC1E9BBD3A008770C2 /* Fetchable.swift */ = {isa = PBXFileReference; fileEncoding = 4; lastKnownFileType = sourcecode.swift; path = Fetchable.swift; sourceTree = "<group>"; };
		C13066ED1E9BBD3A008770C2 /* NSManagedObject+Additions.swift */ = {isa = PBXFileReference; fileEncoding = 4; lastKnownFileType = sourcecode.swift; path = "NSManagedObject+Additions.swift"; sourceTree = "<group>"; };
		C13066EE1E9BBD3A008770C2 /* NSManagedObjectContext+Additions.swift */ = {isa = PBXFileReference; fileEncoding = 4; lastKnownFileType = sourcecode.swift; path = "NSManagedObjectContext+Additions.swift"; sourceTree = "<group>"; };
		C189666F1F6561FF0001FB5B /* CoreDataMappable.swift */ = {isa = PBXFileReference; lastKnownFileType = sourcecode.swift; path = CoreDataMappable.swift; sourceTree = "<group>"; };
		C7E38624B7ACEF5F6F7C7A1B /* Pods_CoreDataHelpers.framework */ = {isa = PBXFileReference; explicitFileType = wrapper.framework; includeInIndex = 0; path = Pods_CoreDataHelpers.framework; sourceTree = BUILT_PRODUCTS_DIR; };
		FBE9244437E9A90460407955 /* Pods-CoreDataHelpers.release.xcconfig */ = {isa = PBXFileReference; includeInIndex = 1; lastKnownFileType = text.xcconfig; name = "Pods-CoreDataHelpers.release.xcconfig"; path = "Pods/Target Support Files/Pods-CoreDataHelpers/Pods-CoreDataHelpers.release.xcconfig"; sourceTree = "<group>"; };
/* End PBXFileReference section */

/* Begin PBXFrameworksBuildPhase section */
		C13066CD1E9BB9AA008770C2 /* Frameworks */ = {
			isa = PBXFrameworksBuildPhase;
			buildActionMask = 2147483647;
			files = (
				832747D71D805DA953D65046 /* Pods_CoreDataHelpers.framework in Frameworks */,
			);
			runOnlyForDeploymentPostprocessing = 0;
		};
/* End PBXFrameworksBuildPhase section */

/* Begin PBXGroup section */
		83AEB52EA10A9C17B3152397 /* Frameworks */ = {
			isa = PBXGroup;
			children = (
				C7E38624B7ACEF5F6F7C7A1B /* Pods_CoreDataHelpers.framework */,
			);
			name = Frameworks;
			sourceTree = "<group>";
		};
		A7807731F78A35C7F742C943 /* Pods */ = {
			isa = PBXGroup;
			children = (
				BAFCD6A2F70C6EC0174AE236 /* Pods-CoreDataHelpers.debug.xcconfig */,
				FBE9244437E9A90460407955 /* Pods-CoreDataHelpers.release.xcconfig */,
			);
			name = Pods;
			sourceTree = "<group>";
		};
		C13066C71E9BB9AA008770C2 = {
			isa = PBXGroup;
			children = (
				C13066D21E9BB9AA008770C2 /* CoreDataHelpers */,
				C13066D11E9BB9AA008770C2 /* Products */,
				A7807731F78A35C7F742C943 /* Pods */,
				83AEB52EA10A9C17B3152397 /* Frameworks */,
			);
			sourceTree = "<group>";
		};
		C13066D11E9BB9AA008770C2 /* Products */ = {
			isa = PBXGroup;
			children = (
				C13066D01E9BB9AA008770C2 /* CoreDataHelpers.app */,
			);
			name = Products;
			sourceTree = "<group>";
		};
		C13066D21E9BB9AA008770C2 /* CoreDataHelpers */ = {
			isa = PBXGroup;
			children = (
				C13066EB1E9BBD3A008770C2 /* CoreDataHelpers */,
				C13066D31E9BB9AA008770C2 /* AppDelegate.swift */,
				C13066D51E9BB9AA008770C2 /* ViewController.swift */,
				C13066D71E9BB9AA008770C2 /* Main.storyboard */,
				C13066DA1E9BB9AA008770C2 /* Assets.xcassets */,
				C13066DC1E9BB9AA008770C2 /* LaunchScreen.storyboard */,
				C13066DF1E9BB9AA008770C2 /* Info.plist */,
			);
			path = CoreDataHelpers;
			sourceTree = "<group>";
		};
		C13066EB1E9BBD3A008770C2 /* CoreDataHelpers */ = {
			isa = PBXGroup;
			children = (
				C13066EC1E9BBD3A008770C2 /* Fetchable.swift */,
				C13066ED1E9BBD3A008770C2 /* NSManagedObject+Additions.swift */,
				C13066EE1E9BBD3A008770C2 /* NSManagedObjectContext+Additions.swift */,
				C189666F1F6561FF0001FB5B /* CoreDataMappable.swift */,
			);
			path = CoreDataHelpers;
			sourceTree = "<group>";
		};
/* End PBXGroup section */

/* Begin PBXNativeTarget section */
		C13066CF1E9BB9AA008770C2 /* CoreDataHelpers */ = {
			isa = PBXNativeTarget;
			buildConfigurationList = C13066E21E9BB9AA008770C2 /* Build configuration list for PBXNativeTarget "CoreDataHelpers" */;
			buildPhases = (
				2AFA23770AD1FAF6D2A90862 /* [CP] Check Pods Manifest.lock */,
				C13066CC1E9BB9AA008770C2 /* Sources */,
				C13066CD1E9BB9AA008770C2 /* Frameworks */,
				C13066CE1E9BB9AA008770C2 /* Resources */,
				7D223B142236E575C072947C /* [CP] Embed Pods Frameworks */,
				396FCF12AC7A09375BFC9144 /* [CP] Copy Pods Resources */,
			);
			buildRules = (
			);
			dependencies = (
			);
			name = CoreDataHelpers;
			productName = CoreDataHelpers;
			productReference = C13066D01E9BB9AA008770C2 /* CoreDataHelpers.app */;
			productType = "com.apple.product-type.application";
		};
/* End PBXNativeTarget section */

/* Begin PBXProject section */
		C13066C81E9BB9AA008770C2 /* Project object */ = {
			isa = PBXProject;
			attributes = {
				LastSwiftUpdateCheck = 0830;
				LastUpgradeCheck = 0910;
				ORGANIZATIONNAME = "9Cookies Gmbh";
				TargetAttributes = {
					C13066CF1E9BB9AA008770C2 = {
						CreatedOnToolsVersion = 8.3;
						LastSwiftMigration = 0900;
						ProvisioningStyle = Automatic;
					};
				};
			};
			buildConfigurationList = C13066CB1E9BB9AA008770C2 /* Build configuration list for PBXProject "CoreDataHelpers" */;
			compatibilityVersion = "Xcode 3.2";
			developmentRegion = English;
			hasScannedForEncodings = 0;
			knownRegions = (
				en,
				Base,
			);
			mainGroup = C13066C71E9BB9AA008770C2;
			productRefGroup = C13066D11E9BB9AA008770C2 /* Products */;
			projectDirPath = "";
			projectRoot = "";
			targets = (
				C13066CF1E9BB9AA008770C2 /* CoreDataHelpers */,
			);
		};
/* End PBXProject section */

/* Begin PBXResourcesBuildPhase section */
		C13066CE1E9BB9AA008770C2 /* Resources */ = {
			isa = PBXResourcesBuildPhase;
			buildActionMask = 2147483647;
			files = (
				C13066DE1E9BB9AA008770C2 /* LaunchScreen.storyboard in Resources */,
				C13066DB1E9BB9AA008770C2 /* Assets.xcassets in Resources */,
				C13066D91E9BB9AA008770C2 /* Main.storyboard in Resources */,
			);
			runOnlyForDeploymentPostprocessing = 0;
		};
/* End PBXResourcesBuildPhase section */

/* Begin PBXShellScriptBuildPhase section */
		2AFA23770AD1FAF6D2A90862 /* [CP] Check Pods Manifest.lock */ = {
			isa = PBXShellScriptBuildPhase;
			buildActionMask = 2147483647;
			files = (
			);
			inputPaths = (
			);
			name = "[CP] Check Pods Manifest.lock";
			outputPaths = (
			);
			runOnlyForDeploymentPostprocessing = 0;
			shellPath = /bin/sh;
			shellScript = "diff \"${PODS_ROOT}/../Podfile.lock\" \"${PODS_ROOT}/Manifest.lock\" > /dev/null\nif [ $? != 0 ] ; then\n    # print error to STDERR\n    echo \"error: The sandbox is not in sync with the Podfile.lock. Run 'pod install' or update your CocoaPods installation.\" >&2\n    exit 1\nfi\n";
			showEnvVarsInLog = 0;
		};
		396FCF12AC7A09375BFC9144 /* [CP] Copy Pods Resources */ = {
			isa = PBXShellScriptBuildPhase;
			buildActionMask = 2147483647;
			files = (
			);
			inputPaths = (
			);
			name = "[CP] Copy Pods Resources";
			outputPaths = (
			);
			runOnlyForDeploymentPostprocessing = 0;
			shellPath = /bin/sh;
			shellScript = "\"${SRCROOT}/Pods/Target Support Files/Pods-CoreDataHelpers/Pods-CoreDataHelpers-resources.sh\"\n";
			showEnvVarsInLog = 0;
		};
		7D223B142236E575C072947C /* [CP] Embed Pods Frameworks */ = {
			isa = PBXShellScriptBuildPhase;
			buildActionMask = 2147483647;
			files = (
			);
			inputPaths = (
			);
			name = "[CP] Embed Pods Frameworks";
			outputPaths = (
			);
			runOnlyForDeploymentPostprocessing = 0;
			shellPath = /bin/sh;
			shellScript = "\"${SRCROOT}/Pods/Target Support Files/Pods-CoreDataHelpers/Pods-CoreDataHelpers-frameworks.sh\"\n";
			showEnvVarsInLog = 0;
		};
/* End PBXShellScriptBuildPhase section */

/* Begin PBXSourcesBuildPhase section */
		C13066CC1E9BB9AA008770C2 /* Sources */ = {
			isa = PBXSourcesBuildPhase;
			buildActionMask = 2147483647;
			files = (
				C18966701F6561FF0001FB5B /* CoreDataMappable.swift in Sources */,
				C13066EF1E9BBD3A008770C2 /* Fetchable.swift in Sources */,
				C13066F01E9BBD3A008770C2 /* NSManagedObject+Additions.swift in Sources */,
				C13066D61E9BB9AA008770C2 /* ViewController.swift in Sources */,
				C13066D41E9BB9AA008770C2 /* AppDelegate.swift in Sources */,
				C13066F11E9BBD3A008770C2 /* NSManagedObjectContext+Additions.swift in Sources */,
			);
			runOnlyForDeploymentPostprocessing = 0;
		};
/* End PBXSourcesBuildPhase section */

/* Begin PBXVariantGroup section */
		C13066D71E9BB9AA008770C2 /* Main.storyboard */ = {
			isa = PBXVariantGroup;
			children = (
				C13066D81E9BB9AA008770C2 /* Base */,
			);
			name = Main.storyboard;
			sourceTree = "<group>";
		};
		C13066DC1E9BB9AA008770C2 /* LaunchScreen.storyboard */ = {
			isa = PBXVariantGroup;
			children = (
				C13066DD1E9BB9AA008770C2 /* Base */,
			);
			name = LaunchScreen.storyboard;
			sourceTree = "<group>";
		};
/* End PBXVariantGroup section */

/* Begin XCBuildConfiguration section */
		C13066E01E9BB9AA008770C2 /* Debug */ = {
			isa = XCBuildConfiguration;
			buildSettings = {
				ALWAYS_SEARCH_USER_PATHS = NO;
				CLANG_ANALYZER_NONNULL = YES;
				CLANG_ANALYZER_NUMBER_OBJECT_CONVERSION = YES_AGGRESSIVE;
				CLANG_CXX_LANGUAGE_STANDARD = "gnu++0x";
				CLANG_CXX_LIBRARY = "libc++";
				CLANG_ENABLE_MODULES = YES;
				CLANG_ENABLE_OBJC_ARC = YES;
				CLANG_WARN_BLOCK_CAPTURE_AUTORELEASING = YES;
				CLANG_WARN_BOOL_CONVERSION = YES;
				CLANG_WARN_COMMA = YES;
				CLANG_WARN_CONSTANT_CONVERSION = YES;
				CLANG_WARN_DIRECT_OBJC_ISA_USAGE = YES_ERROR;
				CLANG_WARN_DOCUMENTATION_COMMENTS = YES;
				CLANG_WARN_EMPTY_BODY = YES;
				CLANG_WARN_ENUM_CONVERSION = YES;
				CLANG_WARN_INFINITE_RECURSION = YES;
				CLANG_WARN_INT_CONVERSION = YES;
				CLANG_WARN_NON_LITERAL_NULL_CONVERSION = YES;
				CLANG_WARN_OBJC_LITERAL_CONVERSION = YES;
				CLANG_WARN_OBJC_ROOT_CLASS = YES_ERROR;
				CLANG_WARN_RANGE_LOOP_ANALYSIS = YES;
				CLANG_WARN_STRICT_PROTOTYPES = YES;
				CLANG_WARN_SUSPICIOUS_MOVE = YES;
				CLANG_WARN_UNREACHABLE_CODE = YES;
				CLANG_WARN__DUPLICATE_METHOD_MATCH = YES;
				"CODE_SIGN_IDENTITY[sdk=iphoneos*]" = "iPhone Developer";
				COPY_PHASE_STRIP = NO;
				DEBUG_INFORMATION_FORMAT = dwarf;
				ENABLE_STRICT_OBJC_MSGSEND = YES;
				ENABLE_TESTABILITY = YES;
				GCC_C_LANGUAGE_STANDARD = gnu99;
				GCC_DYNAMIC_NO_PIC = NO;
				GCC_NO_COMMON_BLOCKS = YES;
				GCC_OPTIMIZATION_LEVEL = 0;
				GCC_PREPROCESSOR_DEFINITIONS = (
					"DEBUG=1",
					"$(inherited)",
				);
				GCC_WARN_64_TO_32_BIT_CONVERSION = YES;
				GCC_WARN_ABOUT_RETURN_TYPE = YES_ERROR;
				GCC_WARN_UNDECLARED_SELECTOR = YES;
				GCC_WARN_UNINITIALIZED_AUTOS = YES_AGGRESSIVE;
				GCC_WARN_UNUSED_FUNCTION = YES;
				GCC_WARN_UNUSED_VARIABLE = YES;
				IPHONEOS_DEPLOYMENT_TARGET = 10.3;
				MTL_ENABLE_DEBUG_INFO = YES;
				ONLY_ACTIVE_ARCH = YES;
				SDKROOT = iphoneos;
				SWIFT_ACTIVE_COMPILATION_CONDITIONS = DEBUG;
				SWIFT_OPTIMIZATION_LEVEL = "-Onone";
				SWIFT_VERSION = 4.0;
			};
			name = Debug;
		};
		C13066E11E9BB9AA008770C2 /* Release */ = {
			isa = XCBuildConfiguration;
			buildSettings = {
				ALWAYS_SEARCH_USER_PATHS = NO;
				CLANG_ANALYZER_NONNULL = YES;
				CLANG_ANALYZER_NUMBER_OBJECT_CONVERSION = YES_AGGRESSIVE;
				CLANG_CXX_LANGUAGE_STANDARD = "gnu++0x";
				CLANG_CXX_LIBRARY = "libc++";
				CLANG_ENABLE_MODULES = YES;
				CLANG_ENABLE_OBJC_ARC = YES;
				CLANG_WARN_BLOCK_CAPTURE_AUTORELEASING = YES;
				CLANG_WARN_BOOL_CONVERSION = YES;
				CLANG_WARN_COMMA = YES;
				CLANG_WARN_CONSTANT_CONVERSION = YES;
				CLANG_WARN_DIRECT_OBJC_ISA_USAGE = YES_ERROR;
				CLANG_WARN_DOCUMENTATION_COMMENTS = YES;
				CLANG_WARN_EMPTY_BODY = YES;
				CLANG_WARN_ENUM_CONVERSION = YES;
				CLANG_WARN_INFINITE_RECURSION = YES;
				CLANG_WARN_INT_CONVERSION = YES;
				CLANG_WARN_NON_LITERAL_NULL_CONVERSION = YES;
				CLANG_WARN_OBJC_LITERAL_CONVERSION = YES;
				CLANG_WARN_OBJC_ROOT_CLASS = YES_ERROR;
				CLANG_WARN_RANGE_LOOP_ANALYSIS = YES;
				CLANG_WARN_STRICT_PROTOTYPES = YES;
				CLANG_WARN_SUSPICIOUS_MOVE = YES;
				CLANG_WARN_UNREACHABLE_CODE = YES;
				CLANG_WARN__DUPLICATE_METHOD_MATCH = YES;
				"CODE_SIGN_IDENTITY[sdk=iphoneos*]" = "iPhone Developer";
				COPY_PHASE_STRIP = NO;
				DEBUG_INFORMATION_FORMAT = "dwarf-with-dsym";
				ENABLE_NS_ASSERTIONS = NO;
				ENABLE_STRICT_OBJC_MSGSEND = YES;
				GCC_C_LANGUAGE_STANDARD = gnu99;
				GCC_NO_COMMON_BLOCKS = YES;
				GCC_WARN_64_TO_32_BIT_CONVERSION = YES;
				GCC_WARN_ABOUT_RETURN_TYPE = YES_ERROR;
				GCC_WARN_UNDECLARED_SELECTOR = YES;
				GCC_WARN_UNINITIALIZED_AUTOS = YES_AGGRESSIVE;
				GCC_WARN_UNUSED_FUNCTION = YES;
				GCC_WARN_UNUSED_VARIABLE = YES;
				IPHONEOS_DEPLOYMENT_TARGET = 10.3;
				MTL_ENABLE_DEBUG_INFO = NO;
				SDKROOT = iphoneos;
				SWIFT_OPTIMIZATION_LEVEL = "-Owholemodule";
				SWIFT_VERSION = 4.0;
				VALIDATE_PRODUCT = YES;
			};
			name = Release;
		};
		C13066E31E9BB9AA008770C2 /* Debug */ = {
			isa = XCBuildConfiguration;
			baseConfigurationReference = BAFCD6A2F70C6EC0174AE236 /* Pods-CoreDataHelpers.debug.xcconfig */;
			buildSettings = {
				ASSETCATALOG_COMPILER_APPICON_NAME = AppIcon;
				INFOPLIST_FILE = CoreDataHelpers/Info.plist;
				LD_RUNPATH_SEARCH_PATHS = "$(inherited) @executable_path/Frameworks";
				PRODUCT_BUNDLE_IDENTIFIER = com.ninecookies.CoreDataHelpers;
				PRODUCT_NAME = "$(TARGET_NAME)";
				SWIFT_SWIFT3_OBJC_INFERENCE = On;
				SWIFT_VERSION = 4.0;
			};
			name = Debug;
		};
		C13066E41E9BB9AA008770C2 /* Release */ = {
			isa = XCBuildConfiguration;
			baseConfigurationReference = FBE9244437E9A90460407955 /* Pods-CoreDataHelpers.release.xcconfig */;
			buildSettings = {
				ASSETCATALOG_COMPILER_APPICON_NAME = AppIcon;
				INFOPLIST_FILE = CoreDataHelpers/Info.plist;
				LD_RUNPATH_SEARCH_PATHS = "$(inherited) @executable_path/Frameworks";
				PRODUCT_BUNDLE_IDENTIFIER = com.ninecookies.CoreDataHelpers;
				PRODUCT_NAME = "$(TARGET_NAME)";
				SWIFT_SWIFT3_OBJC_INFERENCE = On;
				SWIFT_VERSION = 4.0;
			};
			name = Release;
		};
/* End XCBuildConfiguration section */

/* Begin XCConfigurationList section */
		C13066CB1E9BB9AA008770C2 /* Build configuration list for PBXProject "CoreDataHelpers" */ = {
			isa = XCConfigurationList;
			buildConfigurations = (
				C13066E01E9BB9AA008770C2 /* Debug */,
				C13066E11E9BB9AA008770C2 /* Release */,
			);
			defaultConfigurationIsVisible = 0;
			defaultConfigurationName = Release;
		};
		C13066E21E9BB9AA008770C2 /* Build configuration list for PBXNativeTarget "CoreDataHelpers" */ = {
			isa = XCConfigurationList;
			buildConfigurations = (
				C13066E31E9BB9AA008770C2 /* Debug */,
				C13066E41E9BB9AA008770C2 /* Release */,
			);
			defaultConfigurationIsVisible = 0;
			defaultConfigurationName = Release;
		};
/* End XCConfigurationList section */
	};
	rootObject = C13066C81E9BB9AA008770C2 /* Project object */;
}
