PODS:
  - RxCocoa (4.0.0-alpha.1):
    - RxSwift (~> 4.0.0-alpha.1)
  - RxOptional (3.2.0):
    - RxCocoa
    - RxSwift
  - RxSwift (4.0.0-alpha.1)

DEPENDENCIES:
  - RxCocoa (= 4.0.0-alpha.1)
  - RxOptional (~> 3.2.0)
  - RxSwift (= 4.0.0-alpha.1)

SPEC CHECKSUMS:
  RxCocoa: d6038768c2ec4e7157ca40396fdbd8d28de9b8ce
  RxOptional: d2d6a68064bc16b4801332c40663967f481b0234
  RxSwift: 62bea72da2c1b2653320c516267c2b8a347c02b6

PODFILE CHECKSUM: 563950af89073889fea6fa49b69c8157e65db82b

COCOAPODS: 1.2.0
